
Microsoft Visual Studio Solution File, Format Version 12.00
# Visual Studio Version 16
VisualStudioVersion = 16.0.31005.135
MinimumVisualStudioVersion = 10.0.40219.1
Project("{9A19103F-16F7-4668-BE54-9A1E7A4F7556}") = "MyVehicleKeys2", "MyVehicleKeys2.csproj", "{A32C1A9F-E20F-4579-977C-EB8FEDB127E0}"
EndProject
Global
	GlobalSection(SolutionConfigurationPlatforms) = preSolution
		Debug|Any CPU = Debug|Any CPU
		Release|Any CPU = Release|Any CPU
	EndGlobalSection
	GlobalSection(ProjectConfigurationPlatforms) = postSolution
		{A32C1A9F-E20F-4579-977C-EB8FEDB127E0}.Debug|Any CPU.ActiveCfg = Debug|Any CPU
		{A32C1A9F-E20F-4579-977C-EB8FEDB127E0}.Debug|Any CPU.Build.0 = Debug|Any CPU
		{A32C1A9F-E20F-4579-977C-EB8FEDB127E0}.Release|Any CPU.ActiveCfg = Release|Any CPU
		{A32C1A9F-E20F-4579-977C-EB8FEDB127E0}.Release|Any CPU.Build.0 = Release|Any CPU
	EndGlobalSection
	GlobalSection(SolutionProperties) = preSolution
		HideSolutionNode = FALSE
	EndGlobalSection
	GlobalSection(ExtensibilityGlobals) = postSolution
		SolutionGuid = {3DE3ADB4-EF26-4EF6-8CCB-8D0E8E9C32CB}
	EndGlobalSection
EndGlobal
